
Microsoft Visual Studio Solution File, Format Version 12.00
# Visual Studio Version 17
VisualStudioVersion = 17.1.32407.343
MinimumVisualStudioVersion = 10.0.40219.1
Project("{9A19103F-16F7-4668-BE54-9A1E7A4F7556}") = "QueryStress", "QueryStress\QueryStress.csproj", "{6D2A8CC7-7D04-4587-B44B-8450D9EC4A2E}"
EndProject
Project("{9A19103F-16F7-4668-BE54-9A1E7A4F7556}") = "QueryStress.Tests", "QueryStress.Tests\QueryStress.Tests.csproj", "{6E78900C-F08E-4B4A-BE98-24E60D555130}"
EndProject
Project("{9A19103F-16F7-4668-BE54-9A1E7A4F7556}") = "QueryStress.Core", "QueryStress.Core\QueryStress.Core.csproj", "{53E7658F-BE17-423C-B196-176A1A7CC07F}"
EndProject
Project("{9A19103F-16F7-4668-BE54-9A1E7A4F7556}") = "QueryStress.App", "QueryStress.App\QueryStress.App.csproj", "{7380352F-95EC-4DAB-AEB9-0115A64245BC}"
EndProject
Project("{9A19103F-16F7-4668-BE54-9A1E7A4F7556}") = "QueryStress.Postgres.Core", "QueryStress.Postgres.Core\QueryStress.Postgres.Core.csproj", "{31FFEB64-2BB2-47CE-B03F-D19AFD4B18D0}"
EndProject
Project("{9A19103F-16F7-4668-BE54-9A1E7A4F7556}") = "QueryStress.Postgres.App", "QueryStress.Postgres.App\QueryStress.Postgres.App.csproj", "{3ADE0491-C751-4AAF-BEA4-23DBAC7905F2}"
EndProject
Project("{9A19103F-16F7-4668-BE54-9A1E7A4F7556}") = "QueryStress.MySql.App", "QueryStress.MySql.App\QueryStress.MySql.App.csproj", "{7E555B91-CE07-4C55-8FC0-7AB581C4431A}"
EndProject
Project("{9A19103F-16F7-4668-BE54-9A1E7A4F7556}") = "QueryStress.MySql.Core", "QueryStress.MySql.Core\QueryStress.MySql.Core.csproj", "{C17329AB-4669-48C2-9A72-54DDFFD99B15}"
EndProject
Project("{2150E333-8FDC-42A3-9474-1A3956D46DE8}") = "Connectors", "Connectors", "{E7728A79-CCCC-4643-8191-86973BDF46A3}"
EndProject
Project("{2150E333-8FDC-42A3-9474-1A3956D46DE8}") = "MySql", "MySql", "{7B556E59-C294-4F5B-9B29-3C7327353411}"
EndProject
Project("{2150E333-8FDC-42A3-9474-1A3956D46DE8}") = "Postgres", "Postgres", "{E91D3D0B-0828-4CBB-8A08-CBAB2C34F475}"
EndProject
Project("{2150E333-8FDC-42A3-9474-1A3956D46DE8}") = "Plugins", "Plugins", "{2848CAE1-4770-4A72-8FEA-9DC15D5F1F91}"
EndProject
Project("{2150E333-8FDC-42A3-9474-1A3956D46DE8}") = "Redis", "Redis", "{3992B9D4-50D5-48FC-92A4-27A8FFD22B78}"
EndProject
Project("{9A19103F-16F7-4668-BE54-9A1E7A4F7556}") = "QueryStress.Redis.App", "QueryStress.Redis.App\QueryStress.Redis.App.csproj", "{DBC347A4-7C14-4E36-9428-3248D85E8613}"
EndProject
Project("{9A19103F-16F7-4668-BE54-9A1E7A4F7556}") = "QueryStress.Redis.Core", "QueryStress.Redis.Core\QueryStress.Redis.Core.csproj", "{C2000289-60CD-4681-9A3A-200A6A95F3CE}"
EndProject
Project("{2150E333-8FDC-42A3-9474-1A3956D46DE8}") = "Metrics", "Metrics", "{2D00CE01-109D-4BE8-A8FC-7A6E5D81F3BE}"
EndProject
Project("{9A19103F-16F7-4668-BE54-9A1E7A4F7556}") = "Metrics.App", "Metrics.App\Metrics.App.csproj", "{267A7FC7-DC0E-4675-84A0-B5648752D9D9}"
EndProject
Project("{9A19103F-16F7-4668-BE54-9A1E7A4F7556}") = "Metrics.Core", "Metrics.Core\Metrics.Core.csproj", "{5CF0EFB7-93C0-4B7A-85FA-29AC5345E39A}"
EndProject
Project("{FAE04EC0-301F-11D3-BF4B-00C04F79EFBC}") = "QueryStress.UI", "QueryStress.UI\QueryStress.UI.csproj", "{F91B41C4-E67B-438C-B839-A1932AAC54CB}"
EndProject
Global
	GlobalSection(SolutionConfigurationPlatforms) = preSolution
		Debug|Any CPU = Debug|Any CPU
		Release|Any CPU = Release|Any CPU
	EndGlobalSection
	GlobalSection(ProjectConfigurationPlatforms) = postSolution
		{6D2A8CC7-7D04-4587-B44B-8450D9EC4A2E}.Debug|Any CPU.ActiveCfg = Debug|Any CPU
		{6D2A8CC7-7D04-4587-B44B-8450D9EC4A2E}.Debug|Any CPU.Build.0 = Debug|Any CPU
		{6D2A8CC7-7D04-4587-B44B-8450D9EC4A2E}.Release|Any CPU.ActiveCfg = Release|Any CPU
		{6D2A8CC7-7D04-4587-B44B-8450D9EC4A2E}.Release|Any CPU.Build.0 = Release|Any CPU
		{6E78900C-F08E-4B4A-BE98-24E60D555130}.Debug|Any CPU.ActiveCfg = Debug|Any CPU
		{6E78900C-F08E-4B4A-BE98-24E60D555130}.Debug|Any CPU.Build.0 = Debug|Any CPU
		{6E78900C-F08E-4B4A-BE98-24E60D555130}.Release|Any CPU.ActiveCfg = Release|Any CPU
		{6E78900C-F08E-4B4A-BE98-24E60D555130}.Release|Any CPU.Build.0 = Release|Any CPU
		{53E7658F-BE17-423C-B196-176A1A7CC07F}.Debug|Any CPU.ActiveCfg = Debug|Any CPU
		{53E7658F-BE17-423C-B196-176A1A7CC07F}.Debug|Any CPU.Build.0 = Debug|Any CPU
		{53E7658F-BE17-423C-B196-176A1A7CC07F}.Release|Any CPU.ActiveCfg = Release|Any CPU
		{53E7658F-BE17-423C-B196-176A1A7CC07F}.Release|Any CPU.Build.0 = Release|Any CPU
		{7380352F-95EC-4DAB-AEB9-0115A64245BC}.Debug|Any CPU.ActiveCfg = Debug|Any CPU
		{7380352F-95EC-4DAB-AEB9-0115A64245BC}.Debug|Any CPU.Build.0 = Debug|Any CPU
		{7380352F-95EC-4DAB-AEB9-0115A64245BC}.Release|Any CPU.ActiveCfg = Release|Any CPU
		{7380352F-95EC-4DAB-AEB9-0115A64245BC}.Release|Any CPU.Build.0 = Release|Any CPU
		{31FFEB64-2BB2-47CE-B03F-D19AFD4B18D0}.Debug|Any CPU.ActiveCfg = Debug|Any CPU
		{31FFEB64-2BB2-47CE-B03F-D19AFD4B18D0}.Debug|Any CPU.Build.0 = Debug|Any CPU
		{31FFEB64-2BB2-47CE-B03F-D19AFD4B18D0}.Release|Any CPU.ActiveCfg = Release|Any CPU
		{31FFEB64-2BB2-47CE-B03F-D19AFD4B18D0}.Release|Any CPU.Build.0 = Release|Any CPU
		{3ADE0491-C751-4AAF-BEA4-23DBAC7905F2}.Debug|Any CPU.ActiveCfg = Debug|Any CPU
		{3ADE0491-C751-4AAF-BEA4-23DBAC7905F2}.Debug|Any CPU.Build.0 = Debug|Any CPU
		{3ADE0491-C751-4AAF-BEA4-23DBAC7905F2}.Release|Any CPU.ActiveCfg = Release|Any CPU
		{3ADE0491-C751-4AAF-BEA4-23DBAC7905F2}.Release|Any CPU.Build.0 = Release|Any CPU
		{7E555B91-CE07-4C55-8FC0-7AB581C4431A}.Debug|Any CPU.ActiveCfg = Debug|Any CPU
		{7E555B91-CE07-4C55-8FC0-7AB581C4431A}.Debug|Any CPU.Build.0 = Debug|Any CPU
		{7E555B91-CE07-4C55-8FC0-7AB581C4431A}.Release|Any CPU.ActiveCfg = Release|Any CPU
		{7E555B91-CE07-4C55-8FC0-7AB581C4431A}.Release|Any CPU.Build.0 = Release|Any CPU
		{C17329AB-4669-48C2-9A72-54DDFFD99B15}.Debug|Any CPU.ActiveCfg = Debug|Any CPU
		{C17329AB-4669-48C2-9A72-54DDFFD99B15}.Debug|Any CPU.Build.0 = Debug|Any CPU
		{C17329AB-4669-48C2-9A72-54DDFFD99B15}.Release|Any CPU.ActiveCfg = Release|Any CPU
		{C17329AB-4669-48C2-9A72-54DDFFD99B15}.Release|Any CPU.Build.0 = Release|Any CPU
		{DBC347A4-7C14-4E36-9428-3248D85E8613}.Debug|Any CPU.ActiveCfg = Debug|Any CPU
		{DBC347A4-7C14-4E36-9428-3248D85E8613}.Debug|Any CPU.Build.0 = Debug|Any CPU
		{DBC347A4-7C14-4E36-9428-3248D85E8613}.Release|Any CPU.ActiveCfg = Release|Any CPU
		{DBC347A4-7C14-4E36-9428-3248D85E8613}.Release|Any CPU.Build.0 = Release|Any CPU
		{C2000289-60CD-4681-9A3A-200A6A95F3CE}.Debug|Any CPU.ActiveCfg = Debug|Any CPU
		{C2000289-60CD-4681-9A3A-200A6A95F3CE}.Debug|Any CPU.Build.0 = Debug|Any CPU
		{C2000289-60CD-4681-9A3A-200A6A95F3CE}.Release|Any CPU.ActiveCfg = Release|Any CPU
		{C2000289-60CD-4681-9A3A-200A6A95F3CE}.Release|Any CPU.Build.0 = Release|Any CPU
		{267A7FC7-DC0E-4675-84A0-B5648752D9D9}.Debug|Any CPU.ActiveCfg = Debug|Any CPU
		{267A7FC7-DC0E-4675-84A0-B5648752D9D9}.Debug|Any CPU.Build.0 = Debug|Any CPU
		{267A7FC7-DC0E-4675-84A0-B5648752D9D9}.Release|Any CPU.ActiveCfg = Release|Any CPU
		{267A7FC7-DC0E-4675-84A0-B5648752D9D9}.Release|Any CPU.Build.0 = Release|Any CPU
		{5CF0EFB7-93C0-4B7A-85FA-29AC5345E39A}.Debug|Any CPU.ActiveCfg = Debug|Any CPU
		{5CF0EFB7-93C0-4B7A-85FA-29AC5345E39A}.Debug|Any CPU.Build.0 = Debug|Any CPU
		{5CF0EFB7-93C0-4B7A-85FA-29AC5345E39A}.Release|Any CPU.ActiveCfg = Release|Any CPU
		{5CF0EFB7-93C0-4B7A-85FA-29AC5345E39A}.Release|Any CPU.Build.0 = Release|Any CPU
		{F91B41C4-E67B-438C-B839-A1932AAC54CB}.Debug|Any CPU.ActiveCfg = Debug|Any CPU
		{F91B41C4-E67B-438C-B839-A1932AAC54CB}.Debug|Any CPU.Build.0 = Debug|Any CPU
		{F91B41C4-E67B-438C-B839-A1932AAC54CB}.Release|Any CPU.ActiveCfg = Release|Any CPU
		{F91B41C4-E67B-438C-B839-A1932AAC54CB}.Release|Any CPU.Build.0 = Release|Any CPU
	EndGlobalSection
	GlobalSection(SolutionProperties) = preSolution
		HideSolutionNode = FALSE
	EndGlobalSection
	GlobalSection(NestedProjects) = preSolution
		{31FFEB64-2BB2-47CE-B03F-D19AFD4B18D0} = {E91D3D0B-0828-4CBB-8A08-CBAB2C34F475}
		{3ADE0491-C751-4AAF-BEA4-23DBAC7905F2} = {E91D3D0B-0828-4CBB-8A08-CBAB2C34F475}
		{7E555B91-CE07-4C55-8FC0-7AB581C4431A} = {7B556E59-C294-4F5B-9B29-3C7327353411}
		{C17329AB-4669-48C2-9A72-54DDFFD99B15} = {7B556E59-C294-4F5B-9B29-3C7327353411}
		{E7728A79-CCCC-4643-8191-86973BDF46A3} = {2848CAE1-4770-4A72-8FEA-9DC15D5F1F91}
		{7B556E59-C294-4F5B-9B29-3C7327353411} = {E7728A79-CCCC-4643-8191-86973BDF46A3}
		{E91D3D0B-0828-4CBB-8A08-CBAB2C34F475} = {E7728A79-CCCC-4643-8191-86973BDF46A3}
		{3992B9D4-50D5-48FC-92A4-27A8FFD22B78} = {E7728A79-CCCC-4643-8191-86973BDF46A3}
		{DBC347A4-7C14-4E36-9428-3248D85E8613} = {3992B9D4-50D5-48FC-92A4-27A8FFD22B78}
		{C2000289-60CD-4681-9A3A-200A6A95F3CE} = {3992B9D4-50D5-48FC-92A4-27A8FFD22B78}
		{2D00CE01-109D-4BE8-A8FC-7A6E5D81F3BE} = {2848CAE1-4770-4A72-8FEA-9DC15D5F1F91}
		{267A7FC7-DC0E-4675-84A0-B5648752D9D9} = {2D00CE01-109D-4BE8-A8FC-7A6E5D81F3BE}
		{5CF0EFB7-93C0-4B7A-85FA-29AC5345E39A} = {2D00CE01-109D-4BE8-A8FC-7A6E5D81F3BE}
	EndGlobalSection
	GlobalSection(ExtensibilityGlobals) = postSolution
		SolutionGuid = {520380EA-B062-4352-8F85-1FD6417017E2}
	EndGlobalSection
EndGlobal
